
Microsoft Visual Studio Solution File, Format Version 12.00
# Visual Studio 2012
Project("{FAE04EC0-301F-11D3-BF4B-00C04F79EFBC}") = "SeriesLyOffline 2", "SeriesLyOffline 2\SeriesLyOffline 2.csproj", "{04C70AEC-E515-4F69-93DB-C3CE00EB140B}"
EndProject
Project("{FAE04EC0-301F-11D3-BF4B-00C04F79EFBC}") = "Gabriel.Cat.Utilitats", "..\Gabriel.Cat.Utilitats\Gabriel.Cat.Utilitats.csproj", "{D60D408F-9802-4562-82A1-528BA7202B44}"
EndProject
Project("{FAE04EC0-301F-11D3-BF4B-00C04F79EFBC}") = "Gabriel.Cat.Utilitats.Wpf", "..\Gabriel.Cat.Utilitats.Wpf\Gabriel.Cat.Utilitats.Wpf.csproj", "{AEED4E8A-6853-4BB4-9502-BD377900A234}"
EndProject
Project("{FAE04EC0-301F-11D3-BF4B-00C04F79EFBC}") = "MahApps.Metro.NET45", "..\..\..\..\Downloads\MahApps.Metro-master\MahApps.Metro-master\MahApps.Metro\MahApps.Metro.NET45.csproj", "{942D11C4-29F5-46C4-8C14-4B976D56C637}"
EndProject
Global
	GlobalSection(SolutionConfigurationPlatforms) = preSolution
		Debug|Any CPU = Debug|Any CPU
		Release|Any CPU = Release|Any CPU
	EndGlobalSection
	GlobalSection(ProjectConfigurationPlatforms) = postSolution
		{04C70AEC-E515-4F69-93DB-C3CE00EB140B}.Debug|Any CPU.ActiveCfg = Debug|Any CPU
		{04C70AEC-E515-4F69-93DB-C3CE00EB140B}.Debug|Any CPU.Build.0 = Debug|Any CPU
		{04C70AEC-E515-4F69-93DB-C3CE00EB140B}.Release|Any CPU.ActiveCfg = Release|Any CPU
		{04C70AEC-E515-4F69-93DB-C3CE00EB140B}.Release|Any CPU.Build.0 = Release|Any CPU
		{D60D408F-9802-4562-82A1-528BA7202B44}.Debug|Any CPU.ActiveCfg = Debug|Any CPU
		{D60D408F-9802-4562-82A1-528BA7202B44}.Debug|Any CPU.Build.0 = Debug|Any CPU
		{D60D408F-9802-4562-82A1-528BA7202B44}.Release|Any CPU.ActiveCfg = Release|Any CPU
		{D60D408F-9802-4562-82A1-528BA7202B44}.Release|Any CPU.Build.0 = Release|Any CPU
		{AEED4E8A-6853-4BB4-9502-BD377900A234}.Debug|Any CPU.ActiveCfg = Debug|Any CPU
		{AEED4E8A-6853-4BB4-9502-BD377900A234}.Debug|Any CPU.Build.0 = Debug|Any CPU
		{AEED4E8A-6853-4BB4-9502-BD377900A234}.Release|Any CPU.ActiveCfg = Release|Any CPU
		{AEED4E8A-6853-4BB4-9502-BD377900A234}.Release|Any CPU.Build.0 = Release|Any CPU
		{942D11C4-29F5-46C4-8C14-4B976D56C637}.Debug|Any CPU.ActiveCfg = Debug|Any CPU
		{942D11C4-29F5-46C4-8C14-4B976D56C637}.Debug|Any CPU.Build.0 = Debug|Any CPU
		{942D11C4-29F5-46C4-8C14-4B976D56C637}.Release|Any CPU.ActiveCfg = Release|Any CPU
		{942D11C4-29F5-46C4-8C14-4B976D56C637}.Release|Any CPU.Build.0 = Release|Any CPU
	EndGlobalSection
	GlobalSection(SolutionProperties) = preSolution
		HideSolutionNode = FALSE
	EndGlobalSection
EndGlobal
